{
  "version": 2,
  "dependencies": {
    "net10.0-windows7.0": {
      "Microsoft.NET.Test.Sdk": {
        "type": "Direct",
        "requested": "[18.9.0, )",
        "resolved": "18.9.0",
        "contentHash": "xIzVXa/VpKXqDWzyC/5Hw8JbFY5u9k3Jc53CpcjBiOXvkQGio484LD9FNwOiGUSMDcYL3Rcw9sNgGi5WrswlPQ==",
        "dependencies": {
          "Microsoft.CodeCoverage": "18.9.0",
          "Microsoft.TestPlatform.TestHost": "18.9.0"
        }
      },
      "NUnit": {
        "type": "Direct",
        "requested": "[4.6.1, )",
        "resolved": "4.6.1",
        "contentHash": "xS4+YaBFUv1r8bcAbjitSfYaRZGfMwUiMdiaRziBXZpKgVxKDSHhjUn0mV5mObHGZRZq6eNa+WFWr3g8grj66A=="
      },
      "NUnit3TestAdapter": {
        "type": "Direct",
        "requested": "[6.2.0, )",
        "resolved": "6.2.0",
        "contentHash": "8PMJB8za2u8S0ey/nEtvh9BHjLhv5yzUEMCmA0+VIPLKSeOAZ3TEHWDyAp0+iPQb3jnBH1o8k0PoU2FgzXLRnQ==",
        "dependencies": {
          "Microsoft.Extensions.DependencyModel": "8.0.2",
          "Microsoft.Testing.Extensions.VSTestBridge": "2.1.0",
          "Microsoft.Testing.Platform.MSBuild": "2.1.0"
        }
      },
      "ProjectDefaults": {
        "type": "Direct",
        "requested": "[1.0.176, )",
        "resolved": "1.0.176",
        "contentHash": "YOBLjDM9dcAAPdgM1jDVV4ycCV4ipUCWjtikjjjPU0126gQm/sEhLukll744v/VRivS4FySGZvbccKm6T+O49Q=="
      },
      "Verify.DiffPlex": {
        "type": "Direct",
        "requested": "[3.3.1, )",
        "resolved": "3.3.1",
        "contentHash": "CKw4JXVkslj7iHinFXGs+VXNXW2xV9ptFFfdlLIDhQCkviEz/j7yUx/tXlDg4cGen5CtsAPAqtP/N26gC8E4Ng==",
        "dependencies": {
          "Argon": "0.35.1",
          "DiffEngine": "19.3.2",
          "DiffPlex": "1.9.0",
          "EmptyFiles": "8.18.2",
          "SimpleInfoName": "3.2.0",
          "Verify": "31.24.1"
        }
      },
      "Verify.ImageMagick": {
        "type": "Direct",
        "requested": "[3.10.0, )",
        "resolved": "3.10.0",
        "contentHash": "fVvgSiNOzuM6kzY92NUrBdoU8V6c3QC9GURUHtc5hlOjKomJcPRzPFdgBg0G90zYFn+W5TI4zCbILOSFxVGuWQ==",
        "dependencies": {
          "Argon": "0.35.2",
          "DeterministicPdf": "1.0.2",
          "DiffEngine": "19.3.3",
          "EmptyFiles": "8.18.2",
          "Magick.NET-Q16-AnyCPU": "14.15.0",
          "SimpleInfoName": "3.2.0",
          "Verify": "31.27.0"
        }
      },
      "Verify.NUnit": {
        "type": "Direct",
        "requested": "[31.28.0, )",
        "resolved": "31.28.0",
        "contentHash": "u2zL0YHwYnzdkhESVirPRkVerjOp/6hDpYIRPH2Gw4LBDr197R/rwiD83umvMnNEJsZp9vN7HlsnsWRrtlAdaw==",
        "dependencies": {
          "Argon": "0.35.2",
          "DiffEngine": "19.3.3",
          "NUnit": "4.6.1",
          "SimpleInfoName": "3.2.0",
          "Verify": "31.28.0"
        }
      },
      "Argon": {
        "type": "Transitive",
        "resolved": "0.35.2",
        "contentHash": "o0I9+qxk1r4EB8vqRaC49kHog8/UUuFPSqpUwi5husDuqTBbbWIhLOwO2uhzA6pdM4UJoz+owN/c1p05YxAs3A=="
      },
      "BouncyCastle.Cryptography": {
        "type": "Transitive",
        "resolved": "2.4.0",
        "contentHash": "SwXsAV3sMvAU/Nn31pbjhWurYSjJ+/giI/0n6tCrYoupEK34iIHCuk3STAd9fx8yudM85KkLSVdn951vTng/vQ=="
      },
      "DeterministicPdf": {
        "type": "Transitive",
        "resolved": "1.0.2",
        "contentHash": "slPbCXy5AO7pzFxbKhVdyBE2k1A7dxRQ2DovqLkFerbjT9f1G5jx/a6dJMQdm1ALStuPG6Cy6RMhylHxhGHKZA=="
      },
      "DiffEngine": {
        "type": "Transitive",
        "resolved": "19.3.3",
        "contentHash": "9dgeYqMOYA5BREQj5PNEuNHOe3q8xmkLj9jPPbxrJ2roxupVmJ3LlUgForWlxXgt0zoutfPE+sbVjif3YHC3zw==",
        "dependencies": {
          "EmptyFiles": "8.18.2"
        }
      },
      "DiffPlex": {
        "type": "Transitive",
        "resolved": "1.9.0",
        "contentHash": "Z4IDEH6iOb6d+Y2QUjsbq1Fp5I/kwZzNdr/evBTbCGq+ShAjE4baLm7lX1tfjV2p34QI3V9kctCQziFuuKqeCA=="
      },
      "EmptyFiles": {
        "type": "Transitive",
        "resolved": "8.18.2",
        "contentHash": "9TKkDyiREYxgTDeoBrVlmBP83w7Hjhj5sDACQhketSgRhgaXRKpjPW7sazx3PEOg0i5PbrwLjoJG9caavf69hg=="
      },
      "HarfBuzzSharp": {
        "type": "Transitive",
        "resolved": "14.2.1.1",
        "contentHash": "7XDWIol7Iq0Lw2MxJLjI3ec1mGQspC5BM0Ao85TDCSMgr94mmdRReSO00ZxHiy+j8OMpOkuu8B9x2brhKSlWaw==",
        "dependencies": {
          "HarfBuzzSharp.NativeAssets.Win32": "14.2.1.1",
          "HarfBuzzSharp.NativeAssets.macOS": "14.2.1.1"
        }
      },
      "HarfBuzzSharp.NativeAssets.macOS": {
        "type": "Transitive",
        "resolved": "14.2.1.1",
        "contentHash": "WkvDdOQN940zZAbRfHbYTmtUKVgrmmeFI0W6IIbNAj2FyYMWrgX3OvpRFrcftdnczpxrPNDE2YzykoorIdCuZw=="
      },
      "HarfBuzzSharp.NativeAssets.Win32": {
        "type": "Transitive",
        "resolved": "14.2.1.1",
        "contentHash": "doOYYTksh3+VDcuXMHFZaYkA1gs0JFfvUyBMH5fhLUA20FPNfDL5gciiyXlzZ/HNR/J3u2C27e6tvycbk+2MUQ=="
      },
      "Magick.NET-Q16-AnyCPU": {
        "type": "Transitive",
        "resolved": "14.15.0",
        "contentHash": "TB1Wc2hojzOMJ4tkBcXubASgtYSjEovoFpOjnfTjJXKVtKHGaN60juR+5YWFFhch1UUENcThaRWUXOWRcoGKkQ==",
        "dependencies": {
          "Magick.NET.Core": "14.15.0"
        }
      },
      "Magick.NET.Core": {
        "type": "Transitive",
        "resolved": "14.15.0",
        "contentHash": "xgD1zqb4KQ1gMQcd3eIRp8hFMHBxzW9fOpLLDR7BWN0oCwZ0i6NW7rIUiCdsEi/NuZi1UlCLWBHh3v7Y2E3LIw=="
      },
      "Microsoft.ApplicationInsights": {
        "type": "Transitive",
        "resolved": "2.23.0",
        "contentHash": "nWArUZTdU7iqZLycLKWe0TDms48KKGE6pONH2terYNa8REXiqixrMOkf1sk5DHGMaUTqONU2YkS4SAXBhLStgw=="
      },
      "Microsoft.CodeCoverage": {
        "type": "Transitive",
        "resolved": "18.9.0",
        "contentHash": "MtegCIKGuG0r/LCdIjoR1HgzCGIUBhR3aNdbtQpts5vMXQuqBDZ2Jsd2uFKoHFM2XrQV6ZrDf3F5oLi3SLTp8w=="
      },
      "Microsoft.Extensions.DependencyModel": {
        "type": "Transitive",
        "resolved": "8.0.2",
        "contentHash": "mUBDZZRgZrSyFOsJ2qJJ9fXfqd/kXJwf3AiDoqLD9m6TjY5OO/vLNOb9fb4juC0487eq4hcGN/M2Rh/CKS7QYw=="
      },
      "Microsoft.Testing.Extensions.Telemetry": {
        "type": "Transitive",
        "resolved": "2.1.0",
        "contentHash": "5TwgTx2u7k9Al/xbZ18QXq4Hdy2xewkVTI6K3sk+jY2ykqUkIKNuj7rFu3GOV5KnEUkevhw6eZcyZs77STHJIA==",
        "dependencies": {
          "Microsoft.ApplicationInsights": "2.23.0",
          "Microsoft.Testing.Platform": "2.1.0"
        }
      },
      "Microsoft.Testing.Extensions.TrxReport.Abstractions": {
        "type": "Transitive",
        "resolved": "2.1.0",
        "contentHash": "D8xmIJYQFJ6D49Rx5/vPrkZZxb338Jkew+eSqZLBfBiWKw4QZKy3i1BOXiLfz0lOmaNErwDz/YWRojCdNl+B9Q==",
        "dependencies": {
          "Microsoft.Testing.Platform": "2.1.0"
        }
      },
      "Microsoft.Testing.Extensions.VSTestBridge": {
        "type": "Transitive",
        "resolved": "2.1.0",
        "contentHash": "bNRIEA2YoGr+Y+7LHdA7i1U80+7BAdf4K4Qh4Kx6eKkoBK/NV7QpoMg+GWPP0/eqAFzuUmUOIPVZ87Oo0Vyxmw==",
        "dependencies": {
          "Microsoft.TestPlatform.ObjectModel": "18.0.1",
          "Microsoft.Testing.Extensions.Telemetry": "2.1.0",
          "Microsoft.Testing.Extensions.TrxReport.Abstractions": "2.1.0",
          "Microsoft.Testing.Platform": "2.1.0"
        }
      },
      "Microsoft.Testing.Platform": {
        "type": "Transitive",
        "resolved": "2.1.0",
        "contentHash": "aHkjNTGIA+Zbdw6RJgSFrbDrCjO0CgqpElqYcvkRSeUhBv2bKarnvU3ep786U7UqrPlArT/B7VmImRibJD0Zrg=="
      },
      "Microsoft.Testing.Platform.MSBuild": {
        "type": "Transitive",
        "resolved": "2.1.0",
        "contentHash": "UpfPebXQtHGrWz21+YLHmJSm+5zsuPE9U9pfdCtoB+67g75fDmWlNgpkH2ZmdVhSwkjNIed9Icg8Iu63z2ei5Q==",
        "dependencies": {
          "Microsoft.Testing.Platform": "2.1.0"
        }
      },
      "Microsoft.TestPlatform.ObjectModel": {
        "type": "Transitive",
        "resolved": "18.9.0",
        "contentHash": "Fz/qXC52VXXopzHj7v2reCKcCqSxkTDCkEDfkNAH0vni/7qK/KLMiEYtRmnUanxO2F2g2zZZ60qCpxF0AF7URA=="
      },
      "Microsoft.TestPlatform.TestHost": {
        "type": "Transitive",
        "resolved": "18.9.0",
        "contentHash": "Oq+Pma/J86aZL72t71bcESvDszDsTjUfl6PIsuDdPoKTHZfNMhKamCfLD5fKx51W/u0KozXtJo2/3fnt0sgPxg==",
        "dependencies": {
          "Microsoft.TestPlatform.ObjectModel": "18.9.0"
        }
      },
      "Microsoft.Win32.SystemEvents": {
        "type": "Transitive",
        "resolved": "6.0.0",
        "contentHash": "hqTM5628jSsQiv+HGpiq3WKBl2c8v1KZfby2J6Pr7pEPlK9waPdgEO6b8A/+/xn/yZ9ulv8HuqK71ONy2tg67A=="
      },
      "Pkcs11Interop": {
        "type": "Transitive",
        "resolved": "5.1.1",
        "contentHash": "YDj3v4LN318ToSLeg+5NSJUhH2rpmUGsQN/XL87rMVkq5iZnaV759c3unFJR+W83hGV72I8aa6v+eI8jnstFlg=="
      },
      "SimpleInfoName": {
        "type": "Transitive",
        "resolved": "3.2.0",
        "contentHash": "K8ivHRbPWfncijk62Dan/r/z55gwq3aFzqB6yFlD9X0bbpIaacHyHH2cpcIdz0FECUpERUZTwxts0z4gRWpQpA=="
      },
      "SkiaSharp": {
        "type": "Transitive",
        "resolved": "4.151.0",
        "contentHash": "2gObGpRfF0R/1AZiR3YlOjVnlQIOQHAbwFe/fVMfDTnge4yIzEA7rECCbEuEgfGnbThk17pWp+HLhGtETRWOBQ==",
        "dependencies": {
          "SkiaSharp.NativeAssets.Win32": "4.151.0",
          "SkiaSharp.NativeAssets.macOS": "4.151.0"
        }
      },
      "SkiaSharp.NativeAssets.macOS": {
        "type": "Transitive",
        "resolved": "4.151.0",
        "contentHash": "6MgPBabP9nr8RBleN+UJx8fP8OXjpsqvCzCtmIMlWRtKdk+8f2Ph4Jz6DcclBL0/zie7HPkStb63wDguzG98HA=="
      },
      "SkiaSharp.NativeAssets.Win32": {
        "type": "Transitive",
        "resolved": "4.151.0",
        "contentHash": "YmpiHa/k+Cvfsr9yaKMdcv+nzYkqDLGxmESzqvMqNuhbIosMt+JnxqlZ/7YZuBnPVXWvrIIFIk626Gof87RzvQ=="
      },
      "System.Drawing.Common": {
        "type": "Transitive",
        "resolved": "6.0.0",
        "contentHash": "NfuoKUiP2nUWwKZN6twGqXioIe1zVD0RIj2t976A+czLHr2nY454RwwXs6JU9Htc6mwqL6Dn/nEL3dpVf2jOhg==",
        "dependencies": {
          "Microsoft.Win32.SystemEvents": "6.0.0"
        }
      },
      "verify.gembox": {
        "type": "Project",
        "dependencies": {
          "GemBox.Document": "[2026.8.113, )",
          "GemBox.Pdf": "[2026.8.107, )",
          "GemBox.Presentation": "[2026.8.107, )",
          "GemBox.Spreadsheet": "[2026.8.108, )",
          "Verify": "[31.28.0, )"
        }
      },
      "GemBox.Document": {
        "type": "CentralTransitive",
        "requested": "[2026.8.113, )",
        "resolved": "2026.8.113",
        "contentHash": "ldnXjmjOwHtVrI8TA7uwuVHASSqYcKNQU7CB4+FqFSPaefRMuew+n7ZxwFykJBGWpLRKD/Z+In/5xiWYbLPzTw==",
        "dependencies": {
          "BouncyCastle.Cryptography": "2.4.0",
          "HarfBuzzSharp": "14.2.1.1",
          "SkiaSharp": "4.151.0",
          "System.Drawing.Common": "6.0.0"
        }
      },
      "GemBox.Pdf": {
        "type": "CentralTransitive",
        "requested": "[2026.8.107, )",
        "resolved": "2026.8.107",
        "contentHash": "S/FOE4FrlPq6Sa06awwhLFTnYx7zQfURXa+OE3LaFeypLjk81/klzmSa9a0Kkm0nxYkdEgtSnC0WSjeuuTzLOA==",
        "dependencies": {
          "BouncyCastle.Cryptography": "2.4.0",
          "HarfBuzzSharp": "14.2.1.1",
          "Pkcs11Interop": "5.1.1",
          "SkiaSharp": "4.151.0",
          "System.Drawing.Common": "6.0.0"
        }
      },
      "GemBox.Presentation": {
        "type": "CentralTransitive",
        "requested": "[2026.8.107, )",
        "resolved": "2026.8.107",
        "contentHash": "pYLv3mf7cqM8UTyFMLMLU50BoOAScmAOU+pwgGAPX2KLDpu7Sywr0wyjsdMo8eS6O5Shm/pmG9qZcbHS8tff6g==",
        "dependencies": {
          "BouncyCastle.Cryptography": "2.4.0",
          "SkiaSharp": "4.151.0",
          "System.Drawing.Common": "6.0.0"
        }
      },
      "GemBox.Spreadsheet": {
        "type": "CentralTransitive",
        "requested": "[2026.8.108, )",
        "resolved": "2026.8.108",
        "contentHash": "HX6GcYock756Hap/pknHPnF2PR92qSL+xbqhR7y3Fs4Kgu3IYIOEmH2dASzqaoq+IxiDWY8Zp13zUYsBaUdDJw==",
        "dependencies": {
          "BouncyCastle.Cryptography": "2.4.0",
          "HarfBuzzSharp": "14.2.1.1",
          "SkiaSharp": "4.151.0"
        }
      },
      "Verify": {
        "type": "CentralTransitive",
        "requested": "[31.28.0, )",
        "resolved": "31.28.0",
        "contentHash": "rPmMCEEcTzui+yGYQfrloUutPC5ZK0NOBdP1tpTbf+TzU35lWSlzmDzD78Os2eN5FAWPwXy89LxQLqNqEDaVaw==",
        "dependencies": {
          "Argon": "0.35.2",
          "DiffEngine": "19.3.3",
          "SimpleInfoName": "3.2.0"
        }
      }
    }
  }
}